
Microsoft Visual Studio Solution File, Format Version 12.00
# Visual Studio 14
VisualStudioVersion = 14.0.25420.1
MinimumVisualStudioVersion = 10.0.40219.1
Project("{FAE04EC0-301F-11D3-BF4B-00C04F79EFBC}") = "MyBeerBlog", "MyBeerBlog\MyBeerBlog.csproj", "{CB765824-F9C5-4381-8550-B748E07D4C7C}"
EndProject
Project("{FAE04EC0-301F-11D3-BF4B-00C04F79EFBC}") = "MyBeerBlog.Tests", "MyBeerBlog.Tests\MyBeerBlog.Tests.csproj", "{335A1B98-FAC0-4155-BDA3-7C70002693BD}"
EndProject
Global
	GlobalSection(SolutionConfigurationPlatforms) = preSolution
		Debug|Any CPU = Debug|Any CPU
		Release|Any CPU = Release|Any CPU
	EndGlobalSection
	GlobalSection(ProjectConfigurationPlatforms) = postSolution
		{CB765824-F9C5-4381-8550-B748E07D4C7C}.Debug|Any CPU.ActiveCfg = Debug|Any CPU
		{CB765824-F9C5-4381-8550-B748E07D4C7C}.Debug|Any CPU.Build.0 = Debug|Any CPU
		{CB765824-F9C5-4381-8550-B748E07D4C7C}.Release|Any CPU.ActiveCfg = Release|Any CPU
		{CB765824-F9C5-4381-8550-B748E07D4C7C}.Release|Any CPU.Build.0 = Release|Any CPU
		{335A1B98-FAC0-4155-BDA3-7C70002693BD}.Debug|Any CPU.ActiveCfg = Debug|Any CPU
		{335A1B98-FAC0-4155-BDA3-7C70002693BD}.Debug|Any CPU.Build.0 = Debug|Any CPU
		{335A1B98-FAC0-4155-BDA3-7C70002693BD}.Release|Any CPU.ActiveCfg = Release|Any CPU
		{335A1B98-FAC0-4155-BDA3-7C70002693BD}.Release|Any CPU.Build.0 = Release|Any CPU
	EndGlobalSection
	GlobalSection(SolutionProperties) = preSolution
		HideSolutionNode = FALSE
	EndGlobalSection
EndGlobal
